{
  "name": "Cracking",
  "lockfileVersion": 2,
  "requires": true,
  "packages": {
    "": {
      "dependencies": {
        "buckets-js": "^1.98.2",
        "fxjs": "^0.21.2"
      }
    },
    "node_modules/@babel/runtime-corejs3": {
      "version": "7.13.9",
      "resolved": "https://registry.npmjs.org/@babel/runtime-corejs3/-/runtime-corejs3-7.13.9.tgz",
      "integrity": "sha512-p6WSr71+5u/VBf1KDS/Y4dK3ZwbV+DD6wQO3X2EbUVluEOiyXUk09DzcwSaUH4WomYXrEPC+i2rqzuthhZhOJw==",
      "dependencies": {
        "core-js-pure": "^3.0.0",
        "regenerator-runtime": "^0.13.4"
      }
    },
    "node_modules/buckets-js": {
      "version": "1.98.2",
      "resolved": "https://registry.npmjs.org/buckets-js/-/buckets-js-1.98.2.tgz",
      "integrity": "sha1-LPk2/ebQ3cJi2Jh/2hJWOZYafHM="
    },
    "node_modules/core-js-pure": {
      "version": "3.9.1",
      "resolved": "https://registry.npmjs.org/core-js-pure/-/core-js-pure-3.9.1.tgz",
      "integrity": "sha512-laz3Zx0avrw9a4QEIdmIblnVuJz8W51leY9iLThatCsFawWxC3sE4guASC78JbCin+DkwMpCdp1AVAuzL/GN7A==",
      "hasInstallScript": true,
      "funding": {
        "type": "opencollective",
        "url": "https://opencollective.com/core-js"
      }
    },
    "node_modules/fxjs": {
      "version": "0.21.2",
      "resolved": "https://registry.npmjs.org/fxjs/-/fxjs-0.21.2.tgz",
      "integrity": "sha512-z2xKidvz1boRjB5HEGI8AEW4/HyWYUMSio+Xj6zcC1ehpkuTuCk+TIL5mvkMR1TmR8gAVjiAnNr6xWaIYs/IaQ==",
      "dependencies": {
        "@babel/runtime-corejs3": "^7.13.7"
      }
    },
    "node_modules/regenerator-runtime": {
      "version": "0.13.7",
      "resolved": "https://registry.npmjs.org/regenerator-runtime/-/regenerator-runtime-0.13.7.tgz",
      "integrity": "sha512-a54FxoJDIr27pgf7IgeQGxmqUNYrcV338lf/6gH456HZ/PhX+5BcwHXG9ajESmwe6WRO0tAzRUrRmNONWgkrew=="
    }
  },
  "dependencies": {
    "@babel/runtime-corejs3": {
      "version": "7.13.9",
      "resolved": "https://registry.npmjs.org/@babel/runtime-corejs3/-/runtime-corejs3-7.13.9.tgz",
      "integrity": "sha512-p6WSr71+5u/VBf1KDS/Y4dK3ZwbV+DD6wQO3X2EbUVluEOiyXUk09DzcwSaUH4WomYXrEPC+i2rqzuthhZhOJw==",
      "requires": {
        "core-js-pure": "^3.0.0",
        "regenerator-runtime": "^0.13.4"
      }
    },
    "buckets-js": {
      "version": "1.98.2",
      "resolved": "https://registry.npmjs.org/buckets-js/-/buckets-js-1.98.2.tgz",
      "integrity": "sha1-LPk2/ebQ3cJi2Jh/2hJWOZYafHM="
    },
    "core-js-pure": {
      "version": "3.9.1",
      "resolved": "https://registry.npmjs.org/core-js-pure/-/core-js-pure-3.9.1.tgz",
      "integrity": "sha512-laz3Zx0avrw9a4QEIdmIblnVuJz8W51leY9iLThatCsFawWxC3sE4guASC78JbCin+DkwMpCdp1AVAuzL/GN7A=="
    },
    "fxjs": {
      "version": "0.21.2",
      "resolved": "https://registry.npmjs.org/fxjs/-/fxjs-0.21.2.tgz",
      "integrity": "sha512-z2xKidvz1boRjB5HEGI8AEW4/HyWYUMSio+Xj6zcC1ehpkuTuCk+TIL5mvkMR1TmR8gAVjiAnNr6xWaIYs/IaQ==",
      "requires": {
        "@babel/runtime-corejs3": "^7.13.7"
      }
    },
    "regenerator-runtime": {
      "version": "0.13.7",
      "resolved": "https://registry.npmjs.org/regenerator-runtime/-/regenerator-runtime-0.13.7.tgz",
      "integrity": "sha512-a54FxoJDIr27pgf7IgeQGxmqUNYrcV338lf/6gH456HZ/PhX+5BcwHXG9ajESmwe6WRO0tAzRUrRmNONWgkrew=="
    }
  }
}
